
Microsoft Visual Studio Solution File, Format Version 12.00
# Visual Studio Version 17
VisualStudioVersion = 17.13.35825.156
MinimumVisualStudioVersion = 10.0.40219.1
Project("{FAE04EC0-301F-11D3-BF4B-00C04F79EFBC}") = "Savas.Desktop", "Savas\Savas.Desktop.csproj", "{723FBFBD-109E-4499-8AD5-DF5689E7E5BA}"
EndProject
Project("{FAE04EC0-301F-11D3-BF4B-00C04F79EFBC}") = "Savas.Library", "Savas.Library2\Savas.Library.csproj", "{5B2B2FDC-C14B-4932-91E2-AA2E51DB08D8}"
EndProject
Global
	GlobalSection(SolutionConfigurationPlatforms) = preSolution
		Debug|Any CPU = Debug|Any CPU
		Release|Any CPU = Release|Any CPU
	EndGlobalSection
	GlobalSection(ProjectConfigurationPlatforms) = postSolution
		{723FBFBD-109E-4499-8AD5-DF5689E7E5BA}.Debug|Any CPU.ActiveCfg = Debug|Any CPU
		{723FBFBD-109E-4499-8AD5-DF5689E7E5BA}.Debug|Any CPU.Build.0 = Debug|Any CPU
		{723FBFBD-109E-4499-8AD5-DF5689E7E5BA}.Release|Any CPU.ActiveCfg = Release|Any CPU
		{723FBFBD-109E-4499-8AD5-DF5689E7E5BA}.Release|Any CPU.Build.0 = Release|Any CPU
		{5B2B2FDC-C14B-4932-91E2-AA2E51DB08D8}.Debug|Any CPU.ActiveCfg = Debug|Any CPU
		{5B2B2FDC-C14B-4932-91E2-AA2E51DB08D8}.Debug|Any CPU.Build.0 = Debug|Any CPU
		{5B2B2FDC-C14B-4932-91E2-AA2E51DB08D8}.Release|Any CPU.ActiveCfg = Release|Any CPU
		{5B2B2FDC-C14B-4932-91E2-AA2E51DB08D8}.Release|Any CPU.Build.0 = Release|Any CPU
	EndGlobalSection
	GlobalSection(SolutionProperties) = preSolution
		HideSolutionNode = FALSE
	EndGlobalSection
	GlobalSection(ExtensibilityGlobals) = postSolution
		SolutionGuid = {2F9D239E-DE90-4E56-B9F6-60689CA68D72}
	EndGlobalSection
EndGlobal
